
Microsoft Visual Studio Solution File, Format Version 12.00
# Visual Studio Version 17
VisualStudioVersion = 17.2.32630.192
MinimumVisualStudioVersion = 10.0.40219.1
Project("{FAE04EC0-301F-11D3-BF4B-00C04F79EFBC}") = "tarearazor", "tarearazor\tarearazor.csproj", "{884935DF-5B0F-4F58-92C4-0F2317F0E61E}"
EndProject
Global
	GlobalSection(SolutionConfigurationPlatforms) = preSolution
		Debug|Any CPU = Debug|Any CPU
		Release|Any CPU = Release|Any CPU
	EndGlobalSection
	GlobalSection(ProjectConfigurationPlatforms) = postSolution
		{884935DF-5B0F-4F58-92C4-0F2317F0E61E}.Debug|Any CPU.ActiveCfg = Debug|Any CPU
		{884935DF-5B0F-4F58-92C4-0F2317F0E61E}.Debug|Any CPU.Build.0 = Debug|Any CPU
		{884935DF-5B0F-4F58-92C4-0F2317F0E61E}.Release|Any CPU.ActiveCfg = Release|Any CPU
		{884935DF-5B0F-4F58-92C4-0F2317F0E61E}.Release|Any CPU.Build.0 = Release|Any CPU
	EndGlobalSection
	GlobalSection(SolutionProperties) = preSolution
		HideSolutionNode = FALSE
	EndGlobalSection
	GlobalSection(ExtensibilityGlobals) = postSolution
		SolutionGuid = {AB42F325-3921-41B1-8972-BBB01CE9DFFA}
	EndGlobalSection
EndGlobal
